
Microsoft Visual Studio Solution File, Format Version 12.00
# Visual Studio Version 17
VisualStudioVersion = 17.0.32112.339
MinimumVisualStudioVersion = 10.0.40219.1
Project("{9A19103F-16F7-4668-BE54-9A1E7A4F7556}") = "Dotnet.Libp2p.Crypto", "Dotnet.Libp2p.Crypto/Dotnet.Libp2p.Crypto.csproj", "{0967CB80-370E-4261-93D0-6D63FDE7A370}"
EndProject
Global
	GlobalSection(SolutionConfigurationPlatforms) = preSolution
		Debug|Any CPU = Debug|Any CPU
		Release|Any CPU = Release|Any CPU
	EndGlobalSection
	GlobalSection(ProjectConfigurationPlatforms) = postSolution
		{0967CB80-370E-4261-93D0-6D63FDE7A370}.Debug|Any CPU.ActiveCfg = Debug|Any CPU
		{0967CB80-370E-4261-93D0-6D63FDE7A370}.Debug|Any CPU.Build.0 = Debug|Any CPU
		{0967CB80-370E-4261-93D0-6D63FDE7A370}.Release|Any CPU.ActiveCfg = Release|Any CPU
		{0967CB80-370E-4261-93D0-6D63FDE7A370}.Release|Any CPU.Build.0 = Release|Any CPU
	EndGlobalSection
	GlobalSection(SolutionProperties) = preSolution
		HideSolutionNode = FALSE
	EndGlobalSection
	GlobalSection(ExtensibilityGlobals) = postSolution
		SolutionGuid = {E08BB005-6B37-4EEB-9120-8C5E21808914}
	EndGlobalSection
EndGlobal
